
Microsoft Visual Studio Solution File, Format Version 12.00
# Visual Studio 2013
VisualStudioVersion = 12.0.30501.0
MinimumVisualStudioVersion = 10.0.40219.1
Project("{FAE04EC0-301F-11D3-BF4B-00C04F79EFBC}") = "PowerDelivery.Controls", "PowerDelivery.Controls\PowerDelivery.Controls.csproj", "{891289C8-6E99-4626-9F9E-6CBB9E37E561}"
EndProject
Project("{FAE04EC0-301F-11D3-BF4B-00C04F79EFBC}") = "PowerDeliveryClient", "PowerDeliveryClient\PowerDeliveryClient.csproj", "{D673148E-F974-488A-A591-DA8C0337FA30}"
EndProject
Project("{930C7802-8A8C-48F9-8165-68863BCCD9DD}") = "Common", "Setup\Common\Common.wixproj", "{7541D413-1874-4040-AA02-E751B707B69A}"
EndProject
Project("{930C7802-8A8C-48F9-8165-68863BCCD9DD}") = "PowerShellModule", "Setup\PowerShellModule\PowerShellModule.wixproj", "{0526DA1F-F800-4129-968A-6F4C0E9EA575}"
EndProject
Project("{930C7802-8A8C-48F9-8165-68863BCCD9DD}") = "PowerDelivery", "Setup\PowerDelivery\PowerDelivery.wixproj", "{AB5D1576-1825-4599-AA46-98B540A12961}"
EndProject
Project("{2150E333-8FDC-42A3-9474-1A3956D46DE8}") = "Setup", "Setup", "{ECE705D5-DD08-44F2-904B-5F4ADA632C82}"
EndProject
Project("{2150E333-8FDC-42A3-9474-1A3956D46DE8}") = "VSExtensions", "VSExtensions", "{59D4627B-A3C4-4B2B-BF05-E8EFFCA91ACA}"
EndProject
Project("{2150E333-8FDC-42A3-9474-1A3956D46DE8}") = "Client", "Client", "{F5E27439-97AA-4BA8-A283-02CD8E7EFFA3}"
EndProject
Project("{2150E333-8FDC-42A3-9474-1A3956D46DE8}") = "Shared", "Shared", "{717D6F3A-400E-4331-A8F1-8353E1293743}"
EndProject
Project("{FAE04EC0-301F-11D3-BF4B-00C04F79EFBC}") = "PowerDeliveryVSExtension.2013", "VisualStudioExtension\PowerDeliveryVSExtension2013\PowerDeliveryVSExtension.2013.csproj", "{06137364-31AB-4B3B-85B4-3E58D2FFE326}"
EndProject
Project("{930C7802-8A8C-48F9-8165-68863BCCD9DD}") = "PowerDeliveryVSExtension.2013", "Setup\PowerDeliveryVSExtension.2013\PowerDeliveryVSExtension.2013.wixproj", "{338872E4-DE38-48C3-9DB3-591CCC46662A}"
	ProjectSection(ProjectDependencies) = postProject
		{06137364-31AB-4B3B-85B4-3E58D2FFE326} = {06137364-31AB-4B3B-85B4-3E58D2FFE326}
	EndProjectSection
EndProject
Global
	GlobalSection(SolutionConfigurationPlatforms) = preSolution
		Debug|Any CPU = Debug|Any CPU
		Debug|Mixed Platforms = Debug|Mixed Platforms
		Debug|x86 = Debug|x86
		Release|Any CPU = Release|Any CPU
		Release|Mixed Platforms = Release|Mixed Platforms
		Release|x86 = Release|x86
	EndGlobalSection
	GlobalSection(ProjectConfigurationPlatforms) = postSolution
		{891289C8-6E99-4626-9F9E-6CBB9E37E561}.Debug|Any CPU.ActiveCfg = Debug|Any CPU
		{891289C8-6E99-4626-9F9E-6CBB9E37E561}.Debug|Any CPU.Build.0 = Debug|Any CPU
		{891289C8-6E99-4626-9F9E-6CBB9E37E561}.Debug|Mixed Platforms.ActiveCfg = Debug|Any CPU
		{891289C8-6E99-4626-9F9E-6CBB9E37E561}.Debug|Mixed Platforms.Build.0 = Debug|Any CPU
		{891289C8-6E99-4626-9F9E-6CBB9E37E561}.Debug|x86.ActiveCfg = Debug|Any CPU
		{891289C8-6E99-4626-9F9E-6CBB9E37E561}.Release|Any CPU.ActiveCfg = Release|Any CPU
		{891289C8-6E99-4626-9F9E-6CBB9E37E561}.Release|Any CPU.Build.0 = Release|Any CPU
		{891289C8-6E99-4626-9F9E-6CBB9E37E561}.Release|Mixed Platforms.ActiveCfg = Release|Any CPU
		{891289C8-6E99-4626-9F9E-6CBB9E37E561}.Release|Mixed Platforms.Build.0 = Release|Any CPU
		{891289C8-6E99-4626-9F9E-6CBB9E37E561}.Release|x86.ActiveCfg = Release|Any CPU
		{D673148E-F974-488A-A591-DA8C0337FA30}.Debug|Any CPU.ActiveCfg = Debug|Any CPU
		{D673148E-F974-488A-A591-DA8C0337FA30}.Debug|Any CPU.Build.0 = Debug|Any CPU
		{D673148E-F974-488A-A591-DA8C0337FA30}.Debug|Mixed Platforms.ActiveCfg = Debug|Any CPU
		{D673148E-F974-488A-A591-DA8C0337FA30}.Debug|Mixed Platforms.Build.0 = Debug|Any CPU
		{D673148E-F974-488A-A591-DA8C0337FA30}.Debug|x86.ActiveCfg = Debug|Any CPU
		{D673148E-F974-488A-A591-DA8C0337FA30}.Release|Any CPU.ActiveCfg = Release|Any CPU
		{D673148E-F974-488A-A591-DA8C0337FA30}.Release|Any CPU.Build.0 = Release|Any CPU
		{D673148E-F974-488A-A591-DA8C0337FA30}.Release|Mixed Platforms.ActiveCfg = Release|Any CPU
		{D673148E-F974-488A-A591-DA8C0337FA30}.Release|Mixed Platforms.Build.0 = Release|Any CPU
		{D673148E-F974-488A-A591-DA8C0337FA30}.Release|x86.ActiveCfg = Release|Any CPU
		{7541D413-1874-4040-AA02-E751B707B69A}.Debug|Any CPU.ActiveCfg = Debug|x86
		{7541D413-1874-4040-AA02-E751B707B69A}.Debug|Mixed Platforms.ActiveCfg = Release|x86
		{7541D413-1874-4040-AA02-E751B707B69A}.Debug|x86.ActiveCfg = Debug|x86
		{7541D413-1874-4040-AA02-E751B707B69A}.Debug|x86.Build.0 = Debug|x86
		{7541D413-1874-4040-AA02-E751B707B69A}.Release|Any CPU.ActiveCfg = Release|x86
		{7541D413-1874-4040-AA02-E751B707B69A}.Release|Mixed Platforms.ActiveCfg = Release|x86
		{7541D413-1874-4040-AA02-E751B707B69A}.Release|Mixed Platforms.Build.0 = Release|x86
		{7541D413-1874-4040-AA02-E751B707B69A}.Release|x86.ActiveCfg = Release|x86
		{7541D413-1874-4040-AA02-E751B707B69A}.Release|x86.Build.0 = Release|x86
		{0526DA1F-F800-4129-968A-6F4C0E9EA575}.Debug|Any CPU.ActiveCfg = Debug|x86
		{0526DA1F-F800-4129-968A-6F4C0E9EA575}.Debug|Mixed Platforms.ActiveCfg = Release|x86
		{0526DA1F-F800-4129-968A-6F4C0E9EA575}.Debug|x86.ActiveCfg = Debug|x86
		{0526DA1F-F800-4129-968A-6F4C0E9EA575}.Debug|x86.Build.0 = Debug|x86
		{0526DA1F-F800-4129-968A-6F4C0E9EA575}.Release|Any CPU.ActiveCfg = Release|x86
		{0526DA1F-F800-4129-968A-6F4C0E9EA575}.Release|Mixed Platforms.ActiveCfg = Release|x86
		{0526DA1F-F800-4129-968A-6F4C0E9EA575}.Release|Mixed Platforms.Build.0 = Release|x86
		{0526DA1F-F800-4129-968A-6F4C0E9EA575}.Release|x86.ActiveCfg = Release|x86
		{0526DA1F-F800-4129-968A-6F4C0E9EA575}.Release|x86.Build.0 = Release|x86
		{AB5D1576-1825-4599-AA46-98B540A12961}.Debug|Any CPU.ActiveCfg = Debug|x86
		{AB5D1576-1825-4599-AA46-98B540A12961}.Debug|Mixed Platforms.ActiveCfg = Release|x86
		{AB5D1576-1825-4599-AA46-98B540A12961}.Debug|x86.ActiveCfg = Debug|x86
		{AB5D1576-1825-4599-AA46-98B540A12961}.Debug|x86.Build.0 = Debug|x86
		{AB5D1576-1825-4599-AA46-98B540A12961}.Release|Any CPU.ActiveCfg = Release|x86
		{AB5D1576-1825-4599-AA46-98B540A12961}.Release|Mixed Platforms.ActiveCfg = Release|x86
		{AB5D1576-1825-4599-AA46-98B540A12961}.Release|Mixed Platforms.Build.0 = Release|x86
		{AB5D1576-1825-4599-AA46-98B540A12961}.Release|x86.ActiveCfg = Release|x86
		{AB5D1576-1825-4599-AA46-98B540A12961}.Release|x86.Build.0 = Release|x86
		{06137364-31AB-4B3B-85B4-3E58D2FFE326}.Debug|Any CPU.ActiveCfg = Debug|Any CPU
		{06137364-31AB-4B3B-85B4-3E58D2FFE326}.Debug|Any CPU.Build.0 = Debug|Any CPU
		{06137364-31AB-4B3B-85B4-3E58D2FFE326}.Debug|Mixed Platforms.ActiveCfg = Debug|Any CPU
		{06137364-31AB-4B3B-85B4-3E58D2FFE326}.Debug|Mixed Platforms.Build.0 = Debug|Any CPU
		{06137364-31AB-4B3B-85B4-3E58D2FFE326}.Debug|x86.ActiveCfg = Debug|Any CPU
		{06137364-31AB-4B3B-85B4-3E58D2FFE326}.Release|Any CPU.ActiveCfg = Release|Any CPU
		{06137364-31AB-4B3B-85B4-3E58D2FFE326}.Release|Any CPU.Build.0 = Release|Any CPU
		{06137364-31AB-4B3B-85B4-3E58D2FFE326}.Release|Mixed Platforms.ActiveCfg = Release|Any CPU
		{06137364-31AB-4B3B-85B4-3E58D2FFE326}.Release|Mixed Platforms.Build.0 = Release|Any CPU
		{06137364-31AB-4B3B-85B4-3E58D2FFE326}.Release|x86.ActiveCfg = Release|Any CPU
		{338872E4-DE38-48C3-9DB3-591CCC46662A}.Debug|Any CPU.ActiveCfg = Debug|x86
		{338872E4-DE38-48C3-9DB3-591CCC46662A}.Debug|Mixed Platforms.ActiveCfg = Release|x86
		{338872E4-DE38-48C3-9DB3-591CCC46662A}.Debug|x86.ActiveCfg = Debug|x86
		{338872E4-DE38-48C3-9DB3-591CCC46662A}.Debug|x86.Build.0 = Debug|x86
		{338872E4-DE38-48C3-9DB3-591CCC46662A}.Release|Any CPU.ActiveCfg = Release|x86
		{338872E4-DE38-48C3-9DB3-591CCC46662A}.Release|Mixed Platforms.ActiveCfg = Release|x86
		{338872E4-DE38-48C3-9DB3-591CCC46662A}.Release|Mixed Platforms.Build.0 = Release|x86
		{338872E4-DE38-48C3-9DB3-591CCC46662A}.Release|x86.ActiveCfg = Release|x86
		{338872E4-DE38-48C3-9DB3-591CCC46662A}.Release|x86.Build.0 = Release|x86
	EndGlobalSection
	GlobalSection(SolutionProperties) = preSolution
		HideSolutionNode = FALSE
	EndGlobalSection
	GlobalSection(NestedProjects) = preSolution
		{891289C8-6E99-4626-9F9E-6CBB9E37E561} = {717D6F3A-400E-4331-A8F1-8353E1293743}
		{D673148E-F974-488A-A591-DA8C0337FA30} = {F5E27439-97AA-4BA8-A283-02CD8E7EFFA3}
		{7541D413-1874-4040-AA02-E751B707B69A} = {ECE705D5-DD08-44F2-904B-5F4ADA632C82}
		{0526DA1F-F800-4129-968A-6F4C0E9EA575} = {ECE705D5-DD08-44F2-904B-5F4ADA632C82}
		{AB5D1576-1825-4599-AA46-98B540A12961} = {ECE705D5-DD08-44F2-904B-5F4ADA632C82}
		{06137364-31AB-4B3B-85B4-3E58D2FFE326} = {59D4627B-A3C4-4B2B-BF05-E8EFFCA91ACA}
		{338872E4-DE38-48C3-9DB3-591CCC46662A} = {ECE705D5-DD08-44F2-904B-5F4ADA632C82}
	EndGlobalSection
EndGlobal
