
Microsoft Visual Studio Solution File, Format Version 12.00
# Visual Studio 2012
Project("{FAE04EC0-301F-11D3-BF4B-00C04F79EFBC}") = "PowerDeliveryVSExtension.2012", "PowerDeliveryVSExtension.2012.csproj", "{116AE002-9325-457F-A9AD-C7EE5439BBBD}"
EndProject
Global
	GlobalSection(SolutionConfigurationPlatforms) = preSolution
		Debug|Any CPU = Debug|Any CPU
		Release|Any CPU = Release|Any CPU
	EndGlobalSection
	GlobalSection(ProjectConfigurationPlatforms) = postSolution
		{116AE002-9325-457F-A9AD-C7EE5439BBBD}.Debug|Any CPU.ActiveCfg = Debug|Any CPU
		{116AE002-9325-457F-A9AD-C7EE5439BBBD}.Debug|Any CPU.Build.0 = Debug|Any CPU
		{116AE002-9325-457F-A9AD-C7EE5439BBBD}.Release|Any CPU.ActiveCfg = Release|Any CPU
		{116AE002-9325-457F-A9AD-C7EE5439BBBD}.Release|Any CPU.Build.0 = Release|Any CPU
	EndGlobalSection
	GlobalSection(SolutionProperties) = preSolution
		HideSolutionNode = FALSE
	EndGlobalSection
EndGlobal
