
Microsoft Visual Studio Solution File, Format Version 12.00
# Visual Studio 2012
Project("{FAE04EC0-301F-11D3-BF4B-00C04F79EFBC}") = "PowerDeliveryASPNETMVC4", "PowerDeliveryASPNETMVC4\PowerDeliveryASPNETMVC4.csproj", "{2C4A9BA2-3F2D-4DAA-9826-546EB4C72E56}"
EndProject
Project("{FAE04EC0-301F-11D3-BF4B-00C04F79EFBC}") = "PowerDeliveryASPNETMVC4.Tests", "PowerDeliveryASPNETMVC4.Tests\PowerDeliveryASPNETMVC4.Tests.csproj", "{00517CD9-5D1F-4BF1-AC09-D78FA20BD405}"
EndProject
Project("{2150E333-8FDC-42A3-9474-1A3956D46DE8}") = "Solution Items", "Solution Items", "{1485046D-46FC-4877-BEC9-7F02726A62E2}"
	ProjectSection(SolutionItems) = preProject
		PowerdeliveryASPNETMVC4.ps1 = PowerdeliveryASPNETMVC4.ps1
		PowerdeliveryASPNETMVC4CapacityTestEnvironment.csv = PowerdeliveryASPNETMVC4CapacityTestEnvironment.csv
		PowerdeliveryASPNETMVC4CommitEnvironment.csv = PowerdeliveryASPNETMVC4CommitEnvironment.csv
		PowerdeliveryASPNETMVC4LocalEnvironment.csv = PowerdeliveryASPNETMVC4LocalEnvironment.csv
		PowerdeliveryASPNETMVC4ProductionEnvironment.csv = PowerdeliveryASPNETMVC4ProductionEnvironment.csv
		PowerdeliveryASPNETMVC4TestEnvironment.csv = PowerdeliveryASPNETMVC4TestEnvironment.csv
	EndProjectSection
EndProject
Project("{2150E333-8FDC-42A3-9474-1A3956D46DE8}") = ".nuget", ".nuget", "{7809DB1C-95A2-4213-8EDC-041F78DD2271}"
	ProjectSection(SolutionItems) = preProject
		.nuget\NuGet.Config = .nuget\NuGet.Config
		.nuget\NuGet.exe = .nuget\NuGet.exe
		.nuget\NuGet.targets = .nuget\NuGet.targets
	EndProjectSection
EndProject
Global
	GlobalSection(TeamFoundationVersionControl) = preSolution
		SccNumberOfProjects = 3
		SccEnterpriseProvider = {4CA58AB2-18FA-4F8D-95D4-32DDF27D184C}
		SccTeamFoundationServer = http://catauslb65crm1:8080/tfs/defaultcollection
		SccLocalPath0 = .
		SccProjectUniqueName1 = PowerDeliveryASPNETMVC4.Tests\\PowerDeliveryASPNETMVC4.Tests.csproj
		SccProjectName1 = PowerDeliveryASPNETMVC4.Tests
		SccLocalPath1 = PowerDeliveryASPNETMVC4.Tests
		SccProjectUniqueName2 = PowerDeliveryASPNETMVC4\\PowerDeliveryASPNETMVC4.csproj
		SccProjectName2 = PowerDeliveryASPNETMVC4
		SccLocalPath2 = PowerDeliveryASPNETMVC4
	EndGlobalSection
	GlobalSection(SolutionConfigurationPlatforms) = preSolution
		Commit|Any CPU = Commit|Any CPU
		Debug|Any CPU = Debug|Any CPU
		Production|Any CPU = Production|Any CPU
		Release|Any CPU = Release|Any CPU
		Test|Any CPU = Test|Any CPU
	EndGlobalSection
	GlobalSection(ProjectConfigurationPlatforms) = postSolution
		{2C4A9BA2-3F2D-4DAA-9826-546EB4C72E56}.Commit|Any CPU.ActiveCfg = Commit|Any CPU
		{2C4A9BA2-3F2D-4DAA-9826-546EB4C72E56}.Commit|Any CPU.Build.0 = Commit|Any CPU
		{2C4A9BA2-3F2D-4DAA-9826-546EB4C72E56}.Debug|Any CPU.ActiveCfg = Debug|Any CPU
		{2C4A9BA2-3F2D-4DAA-9826-546EB4C72E56}.Debug|Any CPU.Build.0 = Debug|Any CPU
		{2C4A9BA2-3F2D-4DAA-9826-546EB4C72E56}.Production|Any CPU.ActiveCfg = Production|Any CPU
		{2C4A9BA2-3F2D-4DAA-9826-546EB4C72E56}.Production|Any CPU.Build.0 = Production|Any CPU
		{2C4A9BA2-3F2D-4DAA-9826-546EB4C72E56}.Release|Any CPU.ActiveCfg = Release|Any CPU
		{2C4A9BA2-3F2D-4DAA-9826-546EB4C72E56}.Release|Any CPU.Build.0 = Release|Any CPU
		{2C4A9BA2-3F2D-4DAA-9826-546EB4C72E56}.Test|Any CPU.ActiveCfg = Test|Any CPU
		{2C4A9BA2-3F2D-4DAA-9826-546EB4C72E56}.Test|Any CPU.Build.0 = Test|Any CPU
		{00517CD9-5D1F-4BF1-AC09-D78FA20BD405}.Commit|Any CPU.ActiveCfg = Commit|Any CPU
		{00517CD9-5D1F-4BF1-AC09-D78FA20BD405}.Commit|Any CPU.Build.0 = Commit|Any CPU
		{00517CD9-5D1F-4BF1-AC09-D78FA20BD405}.Debug|Any CPU.ActiveCfg = Debug|Any CPU
		{00517CD9-5D1F-4BF1-AC09-D78FA20BD405}.Debug|Any CPU.Build.0 = Debug|Any CPU
		{00517CD9-5D1F-4BF1-AC09-D78FA20BD405}.Production|Any CPU.ActiveCfg = Production|Any CPU
		{00517CD9-5D1F-4BF1-AC09-D78FA20BD405}.Production|Any CPU.Build.0 = Production|Any CPU
		{00517CD9-5D1F-4BF1-AC09-D78FA20BD405}.Release|Any CPU.ActiveCfg = Release|Any CPU
		{00517CD9-5D1F-4BF1-AC09-D78FA20BD405}.Release|Any CPU.Build.0 = Release|Any CPU
		{00517CD9-5D1F-4BF1-AC09-D78FA20BD405}.Test|Any CPU.ActiveCfg = Test|Any CPU
		{00517CD9-5D1F-4BF1-AC09-D78FA20BD405}.Test|Any CPU.Build.0 = Test|Any CPU
	EndGlobalSection
	GlobalSection(SolutionProperties) = preSolution
		HideSolutionNode = FALSE
	EndGlobalSection
EndGlobal
